
Microsoft Visual Studio Solution File, Format Version 12.00
# Visual Studio Version 17
VisualStudioVersion = 17.3.32922.545
MinimumVisualStudioVersion = 10.0.40219.1
Project("{888888A0-9F3D-457C-B088-3A5042F75D52}") = "Port Scaner.py", "Port Scaner.py\Port Scaner.py.pyproj", "{350199C8-5A02-447F-BAA6-AE94E98540E6}"
EndProject
Global
	GlobalSection(SolutionConfigurationPlatforms) = preSolution
		Debug|Any CPU = Debug|Any CPU
		Release|Any CPU = Release|Any CPU
	EndGlobalSection
	GlobalSection(ProjectConfigurationPlatforms) = postSolution
		{350199C8-5A02-447F-BAA6-AE94E98540E6}.Debug|Any CPU.ActiveCfg = Debug|Any CPU
		{350199C8-5A02-447F-BAA6-AE94E98540E6}.Release|Any CPU.ActiveCfg = Release|Any CPU
	EndGlobalSection
	GlobalSection(SolutionProperties) = preSolution
		HideSolutionNode = FALSE
	EndGlobalSection
	GlobalSection(ExtensibilityGlobals) = postSolution
		SolutionGuid = {9EE5952E-4C01-4876-88F2-B995F8AD62E9}
	EndGlobalSection
EndGlobal
